
Microsoft Visual Studio Solution File, Format Version 12.00
# Visual Studio Version 17
VisualStudioVersion = 17.0.31903.59
MinimumVisualStudioVersion = 10.0.40219.1
Project("{FAE04EC0-301F-11D3-BF4B-00C04F79EFBC}") = "backend", "backend\backend.csproj", "{B20D4894-2F27-43E9-8367-0655AEF652D6}"
EndProject
Project("{FAE04EC0-301F-11D3-BF4B-00C04F79EFBC}") = "Shared", "Shared\Shared.csproj", "{07786EFE-A8E2-4AFE-B900-637A2A7CD1CA}"
EndProject
Project("{FAE04EC0-301F-11D3-BF4B-00C04F79EFBC}") = "ServiceContracts", "ServiceContracts\ServiceContracts.csproj", "{E5A19E17-EC12-4DC8-A1B2-ABA2BAF02E9B}"
EndProject
Project("{FAE04EC0-301F-11D3-BF4B-00C04F79EFBC}") = "Services", "Services\Services.csproj", "{B99B3F75-BBE8-49F1-9502-FE00881FE59B}"
EndProject
Project("{FAE04EC0-301F-11D3-BF4B-00C04F79EFBC}") = "Entities", "Entities\Entities.csproj", "{9A4D9C2F-F67B-4B2A-96A6-F0026CC4737F}"
EndProject
Project("{FAE04EC0-301F-11D3-BF4B-00C04F79EFBC}") = "RepositoryContracts", "RepositoryContracts\RepositoryContracts.csproj", "{25653FA0-5E27-4A85-B25F-846ECC94A243}"
EndProject
Project("{FAE04EC0-301F-11D3-BF4B-00C04F79EFBC}") = "Repositories", "Repositories\Repositories.csproj", "{35A51302-1490-48A7-8B2A-49B3A2229283}"
EndProject
Project("{FAE04EC0-301F-11D3-BF4B-00C04F79EFBC}") = "DbContext", "DbContext\DbContext.csproj", "{0A16B94B-53CC-4177-9A24-BA7589517213}"
EndProject
Project("{FAE04EC0-301F-11D3-BF4B-00C04F79EFBC}") = "IntegrationTests", "IntegrationTests\IntegrationTests.csproj", "{E4B92CC4-5B7B-4F2A-ACA7-D86B29FF09A3}"
EndProject
Global
	GlobalSection(SolutionConfigurationPlatforms) = preSolution
		Debug|Any CPU = Debug|Any CPU
		Release|Any CPU = Release|Any CPU
	EndGlobalSection
	GlobalSection(ProjectConfigurationPlatforms) = postSolution
		{B20D4894-2F27-43E9-8367-0655AEF652D6}.Debug|Any CPU.ActiveCfg = Debug|Any CPU
		{B20D4894-2F27-43E9-8367-0655AEF652D6}.Debug|Any CPU.Build.0 = Debug|Any CPU
		{B20D4894-2F27-43E9-8367-0655AEF652D6}.Release|Any CPU.ActiveCfg = Release|Any CPU
		{B20D4894-2F27-43E9-8367-0655AEF652D6}.Release|Any CPU.Build.0 = Release|Any CPU
		{07786EFE-A8E2-4AFE-B900-637A2A7CD1CA}.Debug|Any CPU.ActiveCfg = Debug|Any CPU
		{07786EFE-A8E2-4AFE-B900-637A2A7CD1CA}.Debug|Any CPU.Build.0 = Debug|Any CPU
		{07786EFE-A8E2-4AFE-B900-637A2A7CD1CA}.Release|Any CPU.ActiveCfg = Release|Any CPU
		{07786EFE-A8E2-4AFE-B900-637A2A7CD1CA}.Release|Any CPU.Build.0 = Release|Any CPU
		{E5A19E17-EC12-4DC8-A1B2-ABA2BAF02E9B}.Debug|Any CPU.ActiveCfg = Debug|Any CPU
		{E5A19E17-EC12-4DC8-A1B2-ABA2BAF02E9B}.Debug|Any CPU.Build.0 = Debug|Any CPU
		{E5A19E17-EC12-4DC8-A1B2-ABA2BAF02E9B}.Release|Any CPU.ActiveCfg = Release|Any CPU
		{E5A19E17-EC12-4DC8-A1B2-ABA2BAF02E9B}.Release|Any CPU.Build.0 = Release|Any CPU
		{B99B3F75-BBE8-49F1-9502-FE00881FE59B}.Debug|Any CPU.ActiveCfg = Debug|Any CPU
		{B99B3F75-BBE8-49F1-9502-FE00881FE59B}.Debug|Any CPU.Build.0 = Debug|Any CPU
		{B99B3F75-BBE8-49F1-9502-FE00881FE59B}.Release|Any CPU.ActiveCfg = Release|Any CPU
		{B99B3F75-BBE8-49F1-9502-FE00881FE59B}.Release|Any CPU.Build.0 = Release|Any CPU
		{9A4D9C2F-F67B-4B2A-96A6-F0026CC4737F}.Debug|Any CPU.ActiveCfg = Debug|Any CPU
		{9A4D9C2F-F67B-4B2A-96A6-F0026CC4737F}.Debug|Any CPU.Build.0 = Debug|Any CPU
		{9A4D9C2F-F67B-4B2A-96A6-F0026CC4737F}.Release|Any CPU.ActiveCfg = Release|Any CPU
		{9A4D9C2F-F67B-4B2A-96A6-F0026CC4737F}.Release|Any CPU.Build.0 = Release|Any CPU
		{25653FA0-5E27-4A85-B25F-846ECC94A243}.Debug|Any CPU.ActiveCfg = Debug|Any CPU
		{25653FA0-5E27-4A85-B25F-846ECC94A243}.Debug|Any CPU.Build.0 = Debug|Any CPU
		{25653FA0-5E27-4A85-B25F-846ECC94A243}.Release|Any CPU.ActiveCfg = Release|Any CPU
		{25653FA0-5E27-4A85-B25F-846ECC94A243}.Release|Any CPU.Build.0 = Release|Any CPU
		{35A51302-1490-48A7-8B2A-49B3A2229283}.Debug|Any CPU.ActiveCfg = Debug|Any CPU
		{35A51302-1490-48A7-8B2A-49B3A2229283}.Debug|Any CPU.Build.0 = Debug|Any CPU
		{35A51302-1490-48A7-8B2A-49B3A2229283}.Release|Any CPU.ActiveCfg = Release|Any CPU
		{35A51302-1490-48A7-8B2A-49B3A2229283}.Release|Any CPU.Build.0 = Release|Any CPU
		{0A16B94B-53CC-4177-9A24-BA7589517213}.Debug|Any CPU.ActiveCfg = Debug|Any CPU
		{0A16B94B-53CC-4177-9A24-BA7589517213}.Debug|Any CPU.Build.0 = Debug|Any CPU
		{0A16B94B-53CC-4177-9A24-BA7589517213}.Release|Any CPU.ActiveCfg = Release|Any CPU
		{0A16B94B-53CC-4177-9A24-BA7589517213}.Release|Any CPU.Build.0 = Release|Any CPU
		{E4B92CC4-5B7B-4F2A-ACA7-D86B29FF09A3}.Debug|Any CPU.ActiveCfg = Debug|Any CPU
		{E4B92CC4-5B7B-4F2A-ACA7-D86B29FF09A3}.Debug|Any CPU.Build.0 = Debug|Any CPU
		{E4B92CC4-5B7B-4F2A-ACA7-D86B29FF09A3}.Release|Any CPU.ActiveCfg = Release|Any CPU
		{E4B92CC4-5B7B-4F2A-ACA7-D86B29FF09A3}.Release|Any CPU.Build.0 = Release|Any CPU
	EndGlobalSection
	GlobalSection(SolutionProperties) = preSolution
		HideSolutionNode = FALSE
	EndGlobalSection
EndGlobal
